
Microsoft Visual Studio Solution File, Format Version 12.00
# Visual Studio Version 16
VisualStudioVersion = 16.0.29613.14
MinimumVisualStudioVersion = 10.0.40219.1
Project("{FAE04EC0-301F-11D3-BF4B-00C04F79EFBC}") = "WeChatSdkBinding", "WeChatSdkBinding\WeChatSdkBinding.csproj", "{078862E6-B57D-41EC-A68C-7C3C89696318}"
EndProject
Global
	GlobalSection(SolutionConfigurationPlatforms) = preSolution
		Debug|Any CPU = Debug|Any CPU
		Release|Any CPU = Release|Any CPU
	EndGlobalSection
	GlobalSection(ProjectConfigurationPlatforms) = postSolution
		{078862E6-B57D-41EC-A68C-7C3C89696318}.Debug|Any CPU.ActiveCfg = Debug|Any CPU
		{078862E6-B57D-41EC-A68C-7C3C89696318}.Debug|Any CPU.Build.0 = Debug|Any CPU
		{078862E6-B57D-41EC-A68C-7C3C89696318}.Debug|Any CPU.Deploy.0 = Debug|Any CPU
		{078862E6-B57D-41EC-A68C-7C3C89696318}.Release|Any CPU.ActiveCfg = Release|Any CPU
		{078862E6-B57D-41EC-A68C-7C3C89696318}.Release|Any CPU.Build.0 = Release|Any CPU
		{078862E6-B57D-41EC-A68C-7C3C89696318}.Release|Any CPU.Deploy.0 = Release|Any CPU
	EndGlobalSection
	GlobalSection(SolutionProperties) = preSolution
		HideSolutionNode = FALSE
	EndGlobalSection
	GlobalSection(ExtensibilityGlobals) = postSolution
		SolutionGuid = {B4FC9E35-7331-483A-A73F-47B7776CAF09}
	EndGlobalSection
EndGlobal
